// !$*UTF8*$!
{
	archiveVersion = 1;
	classes = {
	};
	objectVersion = 50;
	objects = {

/* Begin PBXBuildFile section */
		5315990AC8393BF1C833D84B /* Pods_tweet.framework in Frameworks */ = {isa = PBXBuildFile; fileRef = F829633CA9D067034C038723 /* Pods_tweet.framework */; };
		B74725BC217C01FF00ECF47B /* AppDelegate.swift in Sources */ = {isa = PBXBuildFile; fileRef = B74725BB217C01FF00ECF47B /* AppDelegate.swift */; };
		B74725C1217C01FF00ECF47B /* Main.storyboard in Resources */ = {isa = PBXBuildFile; fileRef = B74725BF217C01FF00ECF47B /* Main.storyboard */; };
		B74725C3217C020100ECF47B /* Assets.xcassets in Resources */ = {isa = PBXBuildFile; fileRef = B74725C2217C020100ECF47B /* Assets.xcassets */; };
		B74725C6217C020100ECF47B /* LaunchScreen.storyboard in Resources */ = {isa = PBXBuildFile; fileRef = B74725C4217C020100ECF47B /* LaunchScreen.storyboard */; };
		B74725D2217C034E00ECF47B /* APIConst.swift in Sources */ = {isa = PBXBuildFile; fileRef = B74725D1217C034E00ECF47B /* APIConst.swift */; };
		B74725D5217C050C00ECF47B /* ProfileModel.swift in Sources */ = {isa = PBXBuildFile; fileRef = B74725D4217C050C00ECF47B /* ProfileModel.swift */; };
		B74725DB217C077F00ECF47B /* ViewController.swift in Sources */ = {isa = PBXBuildFile; fileRef = B74725DA217C077F00ECF47B /* ViewController.swift */; };
		B74725DD217E32E900ECF47B /* ErrorMessage.swift in Sources */ = {isa = PBXBuildFile; fileRef = B74725DC217E32E900ECF47B /* ErrorMessage.swift */; };
		B7472601218186EE00ECF47B /* LoginViewController.swift in Sources */ = {isa = PBXBuildFile; fileRef = B7472600218186EE00ECF47B /* LoginViewController.swift */; };
		B7472604218186FF00ECF47B /* Login.storyboard in Resources */ = {isa = PBXBuildFile; fileRef = B7472603218186FF00ECF47B /* Login.storyboard */; };
		B747260621819D0100ECF47B /* MainViewController.swift in Sources */ = {isa = PBXBuildFile; fileRef = B747260521819D0100ECF47B /* MainViewController.swift */; };
		B74726092181A96700ECF47B /* UIColor+hex.swift in Sources */ = {isa = PBXBuildFile; fileRef = B74726082181A96700ECF47B /* UIColor+hex.swift */; };
/* End PBXBuildFile section */

/* Begin PBXFileReference section */
		23D6C5640E3A69B1E8EC7FF4 /* Pods-tweet.release.xcconfig */ = {isa = PBXFileReference; includeInIndex = 1; lastKnownFileType = text.xcconfig; name = "Pods-tweet.release.xcconfig"; path = "Pods/Target Support Files/Pods-tweet/Pods-tweet.release.xcconfig"; sourceTree = "<group>"; };
		29970F85A7DE7A72EEABEE14 /* Pods-tweet.debug.xcconfig */ = {isa = PBXFileReference; includeInIndex = 1; lastKnownFileType = text.xcconfig; name = "Pods-tweet.debug.xcconfig"; path = "Pods/Target Support Files/Pods-tweet/Pods-tweet.debug.xcconfig"; sourceTree = "<group>"; };
		B74725B8217C01FF00ECF47B /* tweet.app */ = {isa = PBXFileReference; explicitFileType = wrapper.application; includeInIndex = 0; path = tweet.app; sourceTree = BUILT_PRODUCTS_DIR; };
		B74725BB217C01FF00ECF47B /* AppDelegate.swift */ = {isa = PBXFileReference; lastKnownFileType = sourcecode.swift; path = AppDelegate.swift; sourceTree = "<group>"; };
		B74725C0217C01FF00ECF47B /* Base */ = {isa = PBXFileReference; lastKnownFileType = file.storyboard; name = Base; path = Base.lproj/Main.storyboard; sourceTree = "<group>"; };
		B74725C2217C020100ECF47B /* Assets.xcassets */ = {isa = PBXFileReference; lastKnownFileType = folder.assetcatalog; path = Assets.xcassets; sourceTree = "<group>"; };
		B74725C5217C020100ECF47B /* Base */ = {isa = PBXFileReference; lastKnownFileType = file.storyboard; name = Base; path = Base.lproj/LaunchScreen.storyboard; sourceTree = "<group>"; };
		B74725C7217C020100ECF47B /* Info.plist */ = {isa = PBXFileReference; lastKnownFileType = text.plist.xml; path = Info.plist; sourceTree = "<group>"; };
		B74725D1217C034E00ECF47B /* APIConst.swift */ = {isa = PBXFileReference; lastKnownFileType = sourcecode.swift; path = APIConst.swift; sourceTree = "<group>"; };
		B74725D4217C050C00ECF47B /* ProfileModel.swift */ = {isa = PBXFileReference; lastKnownFileType = sourcecode.swift; path = ProfileModel.swift; sourceTree = "<group>"; };
		B74725DA217C077F00ECF47B /* ViewController.swift */ = {isa = PBXFileReference; lastKnownFileType = sourcecode.swift; path = ViewController.swift; sourceTree = "<group>"; };
		B74725DC217E32E900ECF47B /* ErrorMessage.swift */ = {isa = PBXFileReference; lastKnownFileType = sourcecode.swift; path = ErrorMessage.swift; sourceTree = "<group>"; };
		B7472600218186EE00ECF47B /* LoginViewController.swift */ = {isa = PBXFileReference; lastKnownFileType = sourcecode.swift; path = LoginViewController.swift; sourceTree = "<group>"; };
		B7472603218186FF00ECF47B /* Login.storyboard */ = {isa = PBXFileReference; lastKnownFileType = file.storyboard; path = Login.storyboard; sourceTree = "<group>"; };
		B747260521819D0100ECF47B /* MainViewController.swift */ = {isa = PBXFileReference; lastKnownFileType = sourcecode.swift; path = MainViewController.swift; sourceTree = "<group>"; };
		B74726082181A96700ECF47B /* UIColor+hex.swift */ = {isa = PBXFileReference; lastKnownFileType = sourcecode.swift; path = "UIColor+hex.swift"; sourceTree = "<group>"; };
		F829633CA9D067034C038723 /* Pods_tweet.framework */ = {isa = PBXFileReference; explicitFileType = wrapper.framework; includeInIndex = 0; path = Pods_tweet.framework; sourceTree = BUILT_PRODUCTS_DIR; };
/* End PBXFileReference section */

/* Begin PBXFrameworksBuildPhase section */
		B74725B5217C01FF00ECF47B /* Frameworks */ = {
			isa = PBXFrameworksBuildPhase;
			buildActionMask = 2147483647;
			files = (
				5315990AC8393BF1C833D84B /* Pods_tweet.framework in Frameworks */,
			);
			runOnlyForDeploymentPostprocessing = 0;
		};
/* End PBXFrameworksBuildPhase section */

/* Begin PBXGroup section */
		67D3035C9DF60DB4489DA25B /* Pods */ = {
			isa = PBXGroup;
			children = (
				29970F85A7DE7A72EEABEE14 /* Pods-tweet.debug.xcconfig */,
				23D6C5640E3A69B1E8EC7FF4 /* Pods-tweet.release.xcconfig */,
			);
			name = Pods;
			sourceTree = "<group>";
		};
		AB75D4A15A63BDF4BAD65548 /* Frameworks */ = {
			isa = PBXGroup;
			children = (
				F829633CA9D067034C038723 /* Pods_tweet.framework */,
			);
			name = Frameworks;
			sourceTree = "<group>";
		};
		B74725AF217C01FF00ECF47B = {
			isa = PBXGroup;
			children = (
				B74725BA217C01FF00ECF47B /* tweet */,
				B74725B9217C01FF00ECF47B /* Products */,
				67D3035C9DF60DB4489DA25B /* Pods */,
				AB75D4A15A63BDF4BAD65548 /* Frameworks */,
			);
			sourceTree = "<group>";
		};
		B74725B9217C01FF00ECF47B /* Products */ = {
			isa = PBXGroup;
			children = (
				B74725B8217C01FF00ECF47B /* tweet.app */,
			);
			name = Products;
			sourceTree = "<group>";
		};
		B74725BA217C01FF00ECF47B /* tweet */ = {
			isa = PBXGroup;
			children = (
				B74725D0217C02C900ECF47B /* StoryBoard */,
				B74725CF217C02C300ECF47B /* Model */,
				B74725CE217C02BD00ECF47B /* View */,
				B74726072181A95400ECF47B /* Extension */,
				B74725CD217C02B200ECF47B /* API */,
				B74725C2217C020100ECF47B /* Assets.xcassets */,
				B74725C7217C020100ECF47B /* Info.plist */,
			);
			path = tweet;
			sourceTree = "<group>";
		};
		B74725CD217C02B200ECF47B /* API */ = {
			isa = PBXGroup;
			children = (
				B74725D3217C04F100ECF47B /* Model */,
				B74725D1217C034E00ECF47B /* APIConst.swift */,
				B74725DC217E32E900ECF47B /* ErrorMessage.swift */,
			);
			name = API;
			sourceTree = "<group>";
		};
		B74725CE217C02BD00ECF47B /* View */ = {
			isa = PBXGroup;
			children = (
				B74725FF218186E200ECF47B /* Main */,
				B74725BB217C01FF00ECF47B /* AppDelegate.swift */,
				B74725DA217C077F00ECF47B /* ViewController.swift */,
			);
			path = View;
			sourceTree = "<group>";
		};
		B74725CF217C02C300ECF47B /* Model */ = {
			isa = PBXGroup;
			children = (
			);
			name = Model;
			sourceTree = "<group>";
		};
		B74725D0217C02C900ECF47B /* StoryBoard */ = {
			isa = PBXGroup;
			children = (
				B7472602218186F500ECF47B /* Main */,
				B74725C4217C020100ECF47B /* LaunchScreen.storyboard */,
			);
			path = StoryBoard;
			sourceTree = "<group>";
		};
		B74725D3217C04F100ECF47B /* Model */ = {
			isa = PBXGroup;
			children = (
				B74725D4217C050C00ECF47B /* ProfileModel.swift */,
			);
			path = Model;
			sourceTree = "<group>";
		};
		B74725FF218186E200ECF47B /* Main */ = {
			isa = PBXGroup;
			children = (
				B747260521819D0100ECF47B /* MainViewController.swift */,
				B7472600218186EE00ECF47B /* LoginViewController.swift */,
			);
			name = Main;
			sourceTree = "<group>";
		};
		B7472602218186F500ECF47B /* Main */ = {
			isa = PBXGroup;
			children = (
				B74725BF217C01FF00ECF47B /* Main.storyboard */,
				B7472603218186FF00ECF47B /* Login.storyboard */,
			);
			name = Main;
			sourceTree = "<group>";
		};
		B74726072181A95400ECF47B /* Extension */ = {
			isa = PBXGroup;
			children = (
				B74726082181A96700ECF47B /* UIColor+hex.swift */,
			);
			name = Extension;
			sourceTree = "<group>";
		};
/* End PBXGroup section */

/* Begin PBXNativeTarget section */
		B74725B7217C01FF00ECF47B /* tweet */ = {
			isa = PBXNativeTarget;
			buildConfigurationList = B74725CA217C020100ECF47B /* Build configuration list for PBXNativeTarget "tweet" */;
			buildPhases = (
				3370175E282836E9A9FAC83D /* [CP] Check Pods Manifest.lock */,
				B74725B4217C01FF00ECF47B /* Sources */,
				B74725B5217C01FF00ECF47B /* Frameworks */,
				B74725B6217C01FF00ECF47B /* Resources */,
				232EFEE463DE3FFF4DC3943A /* [CP] Embed Pods Frameworks */,
			);
			buildRules = (
			);
			dependencies = (
			);
			name = tweet;
			productName = tweet;
			productReference = B74725B8217C01FF00ECF47B /* tweet.app */;
			productType = "com.apple.product-type.application";
		};
/* End PBXNativeTarget section */

/* Begin PBXProject section */
		B74725B0217C01FF00ECF47B /* Project object */ = {
			isa = PBXProject;
			attributes = {
				LastSwiftUpdateCheck = 1000;
				LastUpgradeCheck = 1000;
				ORGANIZATIONNAME = "築山朋紀";
				TargetAttributes = {
					B74725B7217C01FF00ECF47B = {
						CreatedOnToolsVersion = 10.0;
					};
				};
			};
			buildConfigurationList = B74725B3217C01FF00ECF47B /* Build configuration list for PBXProject "tweet" */;
			compatibilityVersion = "Xcode 9.3";
			developmentRegion = en;
			hasScannedForEncodings = 0;
			knownRegions = (
				en,
				Base,
			);
			mainGroup = B74725AF217C01FF00ECF47B;
			productRefGroup = B74725B9217C01FF00ECF47B /* Products */;
			projectDirPath = "";
			projectRoot = "";
			targets = (
				B74725B7217C01FF00ECF47B /* tweet */,
			);
		};
/* End PBXProject section */

/* Begin PBXResourcesBuildPhase section */
		B74725B6217C01FF00ECF47B /* Resources */ = {
			isa = PBXResourcesBuildPhase;
			buildActionMask = 2147483647;
			files = (
				B7472604218186FF00ECF47B /* Login.storyboard in Resources */,
				B74725C6217C020100ECF47B /* LaunchScreen.storyboard in Resources */,
				B74725C3217C020100ECF47B /* Assets.xcassets in Resources */,
				B74725C1217C01FF00ECF47B /* Main.storyboard in Resources */,
			);
			runOnlyForDeploymentPostprocessing = 0;
		};
/* End PBXResourcesBuildPhase section */

/* Begin PBXShellScriptBuildPhase section */
		232EFEE463DE3FFF4DC3943A /* [CP] Embed Pods Frameworks */ = {
			isa = PBXShellScriptBuildPhase;
			buildActionMask = 2147483647;
			files = (
			);
			inputFileListPaths = (
			);
			inputPaths = (
				"${SRCROOT}/Pods/Target Support Files/Pods-tweet/Pods-tweet-frameworks.sh",
				"${BUILT_PRODUCTS_DIR}/Alamofire/Alamofire.framework",
				"${BUILT_PRODUCTS_DIR}/RxCocoa/RxCocoa.framework",
				"${BUILT_PRODUCTS_DIR}/RxSwift/RxSwift.framework",
				"${BUILT_PRODUCTS_DIR}/SDWebImage/SDWebImage.framework",
				"${BUILT_PRODUCTS_DIR}/SnapKit/SnapKit.framework",
				"${BUILT_PRODUCTS_DIR}/SwiftyUserDefaults/SwiftyUserDefaults.framework",
			);
			name = "[CP] Embed Pods Frameworks";
			outputFileListPaths = (
			);
			outputPaths = (
				"${TARGET_BUILD_DIR}/${FRAMEWORKS_FOLDER_PATH}/Alamofire.framework",
				"${TARGET_BUILD_DIR}/${FRAMEWORKS_FOLDER_PATH}/RxCocoa.framework",
				"${TARGET_BUILD_DIR}/${FRAMEWORKS_FOLDER_PATH}/RxSwift.framework",
				"${TARGET_BUILD_DIR}/${FRAMEWORKS_FOLDER_PATH}/SDWebImage.framework",
				"${TARGET_BUILD_DIR}/${FRAMEWORKS_FOLDER_PATH}/SnapKit.framework",
				"${TARGET_BUILD_DIR}/${FRAMEWORKS_FOLDER_PATH}/SwiftyUserDefaults.framework",
			);
			runOnlyForDeploymentPostprocessing = 0;
			shellPath = /bin/sh;
			shellScript = "\"${SRCROOT}/Pods/Target Support Files/Pods-tweet/Pods-tweet-frameworks.sh\"\n";
			showEnvVarsInLog = 0;
		};
		3370175E282836E9A9FAC83D /* [CP] Check Pods Manifest.lock */ = {
			isa = PBXShellScriptBuildPhase;
			buildActionMask = 2147483647;
			files = (
			);
			inputFileListPaths = (
			);
			inputPaths = (
				"${PODS_PODFILE_DIR_PATH}/Podfile.lock",
				"${PODS_ROOT}/Manifest.lock",
			);
			name = "[CP] Check Pods Manifest.lock";
			outputFileListPaths = (
			);
			outputPaths = (
				"$(DERIVED_FILE_DIR)/Pods-tweet-checkManifestLockResult.txt",
			);
			runOnlyForDeploymentPostprocessing = 0;
			shellPath = /bin/sh;
			shellScript = "diff \"${PODS_PODFILE_DIR_PATH}/Podfile.lock\" \"${PODS_ROOT}/Manifest.lock\" > /dev/null\nif [ $? != 0 ] ; then\n    # print error to STDERR\n    echo \"error: The sandbox is not in sync with the Podfile.lock. Run 'pod install' or update your CocoaPods installation.\" >&2\n    exit 1\nfi\n# This output is used by Xcode 'outputs' to avoid re-running this script phase.\necho \"SUCCESS\" > \"${SCRIPT_OUTPUT_FILE_0}\"\n";
			showEnvVarsInLog = 0;
		};
/* End PBXShellScriptBuildPhase section */

/* Begin PBXSourcesBuildPhase section */
		B74725B4217C01FF00ECF47B /* Sources */ = {
			isa = PBXSourcesBuildPhase;
			buildActionMask = 2147483647;
			files = (
				B747260621819D0100ECF47B /* MainViewController.swift in Sources */,
				B74726092181A96700ECF47B /* UIColor+hex.swift in Sources */,
				B7472601218186EE00ECF47B /* LoginViewController.swift in Sources */,
				B74725D5217C050C00ECF47B /* ProfileModel.swift in Sources */,
				B74725D2217C034E00ECF47B /* APIConst.swift in Sources */,
				B74725DD217E32E900ECF47B /* ErrorMessage.swift in Sources */,
				B74725DB217C077F00ECF47B /* ViewController.swift in Sources */,
				B74725BC217C01FF00ECF47B /* AppDelegate.swift in Sources */,
			);
			runOnlyForDeploymentPostprocessing = 0;
		};
/* End PBXSourcesBuildPhase section */

/* Begin PBXVariantGroup section */
		B74725BF217C01FF00ECF47B /* Main.storyboard */ = {
			isa = PBXVariantGroup;
			children = (
				B74725C0217C01FF00ECF47B /* Base */,
			);
			name = Main.storyboard;
			sourceTree = "<group>";
		};
		B74725C4217C020100ECF47B /* LaunchScreen.storyboard */ = {
			isa = PBXVariantGroup;
			children = (
				B74725C5217C020100ECF47B /* Base */,
			);
			name = LaunchScreen.storyboard;
			sourceTree = "<group>";
		};
/* End PBXVariantGroup section */

/* Begin XCBuildConfiguration section */
		B74725C8217C020100ECF47B /* Debug */ = {
			isa = XCBuildConfiguration;
			buildSettings = {
				ALWAYS_SEARCH_USER_PATHS = NO;
				CLANG_ANALYZER_NONNULL = YES;
				CLANG_ANALYZER_NUMBER_OBJECT_CONVERSION = YES_AGGRESSIVE;
				CLANG_CXX_LANGUAGE_STANDARD = "gnu++14";
				CLANG_CXX_LIBRARY = "libc++";
				CLANG_ENABLE_MODULES = YES;
				CLANG_ENABLE_OBJC_ARC = YES;
				CLANG_ENABLE_OBJC_WEAK = YES;
				CLANG_WARN_BLOCK_CAPTURE_AUTORELEASING = YES;
				CLANG_WARN_BOOL_CONVERSION = YES;
				CLANG_WARN_COMMA = YES;
				CLANG_WARN_CONSTANT_CONVERSION = YES;
				CLANG_WARN_DEPRECATED_OBJC_IMPLEMENTATIONS = YES;
				CLANG_WARN_DIRECT_OBJC_ISA_USAGE = YES_ERROR;
				CLANG_WARN_DOCUMENTATION_COMMENTS = YES;
				CLANG_WARN_EMPTY_BODY = YES;
				CLANG_WARN_ENUM_CONVERSION = YES;
				CLANG_WARN_INFINITE_RECURSION = YES;
				CLANG_WARN_INT_CONVERSION = YES;
				CLANG_WARN_NON_LITERAL_NULL_CONVERSION = YES;
				CLANG_WARN_OBJC_IMPLICIT_RETAIN_SELF = YES;
				CLANG_WARN_OBJC_LITERAL_CONVERSION = YES;
				CLANG_WARN_OBJC_ROOT_CLASS = YES_ERROR;
				CLANG_WARN_RANGE_LOOP_ANALYSIS = YES;
				CLANG_WARN_STRICT_PROTOTYPES = YES;
				CLANG_WARN_SUSPICIOUS_MOVE = YES;
				CLANG_WARN_UNGUARDED_AVAILABILITY = YES_AGGRESSIVE;
				CLANG_WARN_UNREACHABLE_CODE = YES;
				CLANG_WARN__DUPLICATE_METHOD_MATCH = YES;
				CODE_SIGN_IDENTITY = "iPhone Developer";
				COPY_PHASE_STRIP = NO;
				DEBUG_INFORMATION_FORMAT = dwarf;
				ENABLE_STRICT_OBJC_MSGSEND = YES;
				ENABLE_TESTABILITY = YES;
				GCC_C_LANGUAGE_STANDARD = gnu11;
				GCC_DYNAMIC_NO_PIC = NO;
				GCC_NO_COMMON_BLOCKS = YES;
				GCC_OPTIMIZATION_LEVEL = 0;
				GCC_PREPROCESSOR_DEFINITIONS = (
					"DEBUG=1",
					"$(inherited)",
				);
				GCC_WARN_64_TO_32_BIT_CONVERSION = YES;
				GCC_WARN_ABOUT_RETURN_TYPE = YES_ERROR;
				GCC_WARN_UNDECLARED_SELECTOR = YES;
				GCC_WARN_UNINITIALIZED_AUTOS = YES_AGGRESSIVE;
				GCC_WARN_UNUSED_FUNCTION = YES;
				GCC_WARN_UNUSED_VARIABLE = YES;
				IPHONEOS_DEPLOYMENT_TARGET = 12.0;
				MTL_ENABLE_DEBUG_INFO = INCLUDE_SOURCE;
				MTL_FAST_MATH = YES;
				ONLY_ACTIVE_ARCH = YES;
				SDKROOT = iphoneos;
				SWIFT_ACTIVE_COMPILATION_CONDITIONS = DEBUG;
				SWIFT_OPTIMIZATION_LEVEL = "-Onone";
			};
			name = Debug;
		};
		B74725C9217C020100ECF47B /* Release */ = {
			isa = XCBuildConfiguration;
			buildSettings = {
				ALWAYS_SEARCH_USER_PATHS = NO;
				CLANG_ANALYZER_NONNULL = YES;
				CLANG_ANALYZER_NUMBER_OBJECT_CONVERSION = YES_AGGRESSIVE;
				CLANG_CXX_LANGUAGE_STANDARD = "gnu++14";
				CLANG_CXX_LIBRARY = "libc++";
				CLANG_ENABLE_MODULES = YES;
				CLANG_ENABLE_OBJC_ARC = YES;
				CLANG_ENABLE_OBJC_WEAK = YES;
				CLANG_WARN_BLOCK_CAPTURE_AUTORELEASING = YES;
				CLANG_WARN_BOOL_CONVERSION = YES;
				CLANG_WARN_COMMA = YES;
				CLANG_WARN_CONSTANT_CONVERSION = YES;
				CLANG_WARN_DEPRECATED_OBJC_IMPLEMENTATIONS = YES;
				CLANG_WARN_DIRECT_OBJC_ISA_USAGE = YES_ERROR;
				CLANG_WARN_DOCUMENTATION_COMMENTS = YES;
				CLANG_WARN_EMPTY_BODY = YES;
				CLANG_WARN_ENUM_CONVERSION = YES;
				CLANG_WARN_INFINITE_RECURSION = YES;
				CLANG_WARN_INT_CONVERSION = YES;
				CLANG_WARN_NON_LITERAL_NULL_CONVERSION = YES;
				CLANG_WARN_OBJC_IMPLICIT_RETAIN_SELF = YES;
				CLANG_WARN_OBJC_LITERAL_CONVERSION = YES;
				CLANG_WARN_OBJC_ROOT_CLASS = YES_ERROR;
				CLANG_WARN_RANGE_LOOP_ANALYSIS = YES;
				CLANG_WARN_STRICT_PROTOTYPES = YES;
				CLANG_WARN_SUSPICIOUS_MOVE = YES;
				CLANG_WARN_UNGUARDED_AVAILABILITY = YES_AGGRESSIVE;
				CLANG_WARN_UNREACHABLE_CODE = YES;
				CLANG_WARN__DUPLICATE_METHOD_MATCH = YES;
				CODE_SIGN_IDENTITY = "iPhone Developer";
				COPY_PHASE_STRIP = NO;
				DEBUG_INFORMATION_FORMAT = "dwarf-with-dsym";
				ENABLE_NS_ASSERTIONS = NO;
				ENABLE_STRICT_OBJC_MSGSEND = YES;
				GCC_C_LANGUAGE_STANDARD = gnu11;
				GCC_NO_COMMON_BLOCKS = YES;
				GCC_WARN_64_TO_32_BIT_CONVERSION = YES;
				GCC_WARN_ABOUT_RETURN_TYPE = YES_ERROR;
				GCC_WARN_UNDECLARED_SELECTOR = YES;
				GCC_WARN_UNINITIALIZED_AUTOS = YES_AGGRESSIVE;
				GCC_WARN_UNUSED_FUNCTION = YES;
				GCC_WARN_UNUSED_VARIABLE = YES;
				IPHONEOS_DEPLOYMENT_TARGET = 12.0;
				MTL_ENABLE_DEBUG_INFO = NO;
				MTL_FAST_MATH = YES;
				SDKROOT = iphoneos;
				SWIFT_COMPILATION_MODE = wholemodule;
				SWIFT_OPTIMIZATION_LEVEL = "-O";
				VALIDATE_PRODUCT = YES;
			};
			name = Release;
		};
		B74725CB217C020100ECF47B /* Debug */ = {
			isa = XCBuildConfiguration;
			baseConfigurationReference = 29970F85A7DE7A72EEABEE14 /* Pods-tweet.debug.xcconfig */;
			buildSettings = {
				ASSETCATALOG_COMPILER_APPICON_NAME = AppIcon;
				CODE_SIGN_STYLE = Automatic;
				DEVELOPMENT_TEAM = FJMPLD4D4X;
				INFOPLIST_FILE = tweet/Info.plist;
				IPHONEOS_DEPLOYMENT_TARGET = 11.0;
				LD_RUNPATH_SEARCH_PATHS = (
					"$(inherited)",
					"@executable_path/Frameworks",
				);
				PRODUCT_BUNDLE_IDENTIFIER = com.tomoki.tweet;
				PRODUCT_NAME = "$(TARGET_NAME)";
				SWIFT_VERSION = 4.2;
				TARGETED_DEVICE_FAMILY = "1,2";
			};
			name = Debug;
		};
		B74725CC217C020100ECF47B /* Release */ = {
			isa = XCBuildConfiguration;
			baseConfigurationReference = 23D6C5640E3A69B1E8EC7FF4 /* Pods-tweet.release.xcconfig */;
			buildSettings = {
				ASSETCATALOG_COMPILER_APPICON_NAME = AppIcon;
				CODE_SIGN_STYLE = Automatic;
				DEVELOPMENT_TEAM = FJMPLD4D4X;
				INFOPLIST_FILE = tweet/Info.plist;
				IPHONEOS_DEPLOYMENT_TARGET = 11.0;
				LD_RUNPATH_SEARCH_PATHS = (
					"$(inherited)",
					"@executable_path/Frameworks",
				);
				PRODUCT_BUNDLE_IDENTIFIER = com.tomoki.tweet;
				PRODUCT_NAME = "$(TARGET_NAME)";
				SWIFT_VERSION = 4.2;
				TARGETED_DEVICE_FAMILY = "1,2";
			};
			name = Release;
		};
/* End XCBuildConfiguration section */

/* Begin XCConfigurationList section */
		B74725B3217C01FF00ECF47B /* Build configuration list for PBXProject "tweet" */ = {
			isa = XCConfigurationList;
			buildConfigurations = (
				B74725C8217C020100ECF47B /* Debug */,
				B74725C9217C020100ECF47B /* Release */,
			);
			defaultConfigurationIsVisible = 0;
			defaultConfigurationName = Release;
		};
		B74725CA217C020100ECF47B /* Build configuration list for PBXNativeTarget "tweet" */ = {
			isa = XCConfigurationList;
			buildConfigurations = (
				B74725CB217C020100ECF47B /* Debug */,
				B74725CC217C020100ECF47B /* Release */,
			);
			defaultConfigurationIsVisible = 0;
			defaultConfigurationName = Release;
		};
/* End XCConfigurationList section */
	};
	rootObject = B74725B0217C01FF00ECF47B /* Project object */;
}
